// !$*UTF8*$!
{
	archiveVersion = 1;
	classes = {
	};
	objectVersion = 50;
	objects = {

/* Begin PBXBuildFile section */
		438214552782909700815F00 /* LoginViewController.swift in Sources */ = {isa = PBXBuildFile; fileRef = 438214542782909700815F00 /* LoginViewController.swift */; };
		438214592782992900815F00 /* LocalStorage.swift in Sources */ = {isa = PBXBuildFile; fileRef = 438214582782992900815F00 /* LocalStorage.swift */; };
		4382145B2782A3ED00815F00 /* User.swift in Sources */ = {isa = PBXBuildFile; fileRef = 4382145A2782A3ED00815F00 /* User.swift */; };
		4382145D2782A67700815F00 /* Localizable.strings in Resources */ = {isa = PBXBuildFile; fileRef = 4382145C2782A67700815F00 /* Localizable.strings */; };
		4382145F2782A81300815F00 /* Notifications.swift in Sources */ = {isa = PBXBuildFile; fileRef = 4382145E2782A81300815F00 /* Notifications.swift */; };
		439BB18E278225E90085F120 /* AppDelegate.swift in Sources */ = {isa = PBXBuildFile; fileRef = 439BB18D278225E90085F120 /* AppDelegate.swift */; };
		439BB190278225E90085F120 /* SceneDelegate.swift in Sources */ = {isa = PBXBuildFile; fileRef = 439BB18F278225E90085F120 /* SceneDelegate.swift */; };
		439BB192278225E90085F120 /* ChatRoomViewController.swift in Sources */ = {isa = PBXBuildFile; fileRef = 439BB191278225E90085F120 /* ChatRoomViewController.swift */; };
		439BB197278225EA0085F120 /* Assets.xcassets in Resources */ = {isa = PBXBuildFile; fileRef = 439BB196278225EA0085F120 /* Assets.xcassets */; };
		439BB19A278225EA0085F120 /* LaunchScreen.storyboard in Resources */ = {isa = PBXBuildFile; fileRef = 439BB198278225EA0085F120 /* LaunchScreen.storyboard */; };
		439BB1A5278225EA0085F120 /* chatappTests.swift in Sources */ = {isa = PBXBuildFile; fileRef = 439BB1A4278225EA0085F120 /* chatappTests.swift */; };
		439BB1B0278225EA0085F120 /* chatappUITests.swift in Sources */ = {isa = PBXBuildFile; fileRef = 439BB1AF278225EA0085F120 /* chatappUITests.swift */; };
		43BACD62278244E300EE224D /* Main.storyboard in Resources */ = {isa = PBXBuildFile; fileRef = 43BACD60278244E300EE224D /* Main.storyboard */; };
		43FC9DF12782647900F4D6AD /* Api.swift in Sources */ = {isa = PBXBuildFile; fileRef = 43FC9DF02782647900F4D6AD /* Api.swift */; };
/* End PBXBuildFile section */

/* Begin PBXContainerItemProxy section */
		439BB1A1278225EA0085F120 /* PBXContainerItemProxy */ = {
			isa = PBXContainerItemProxy;
			containerPortal = 439BB182278225E90085F120 /* Project object */;
			proxyType = 1;
			remoteGlobalIDString = 439BB189278225E90085F120;
			remoteInfo = chatapp;
		};
		439BB1AC278225EA0085F120 /* PBXContainerItemProxy */ = {
			isa = PBXContainerItemProxy;
			containerPortal = 439BB182278225E90085F120 /* Project object */;
			proxyType = 1;
			remoteGlobalIDString = 439BB189278225E90085F120;
			remoteInfo = chatapp;
		};
/* End PBXContainerItemProxy section */

/* Begin PBXFileReference section */
		438214542782909700815F00 /* LoginViewController.swift */ = {isa = PBXFileReference; lastKnownFileType = sourcecode.swift; path = LoginViewController.swift; sourceTree = "<group>"; };
		438214582782992900815F00 /* LocalStorage.swift */ = {isa = PBXFileReference; lastKnownFileType = sourcecode.swift; path = LocalStorage.swift; sourceTree = "<group>"; };
		4382145A2782A3ED00815F00 /* User.swift */ = {isa = PBXFileReference; lastKnownFileType = sourcecode.swift; path = User.swift; sourceTree = "<group>"; };
		4382145C2782A67700815F00 /* Localizable.strings */ = {isa = PBXFileReference; lastKnownFileType = text.plist.strings; path = Localizable.strings; sourceTree = "<group>"; };
		4382145E2782A81300815F00 /* Notifications.swift */ = {isa = PBXFileReference; lastKnownFileType = sourcecode.swift; path = Notifications.swift; sourceTree = "<group>"; };
		439BB18A278225E90085F120 /* chatapp.app */ = {isa = PBXFileReference; explicitFileType = wrapper.application; includeInIndex = 0; path = chatapp.app; sourceTree = BUILT_PRODUCTS_DIR; };
		439BB18D278225E90085F120 /* AppDelegate.swift */ = {isa = PBXFileReference; lastKnownFileType = sourcecode.swift; path = AppDelegate.swift; sourceTree = "<group>"; };
		439BB18F278225E90085F120 /* SceneDelegate.swift */ = {isa = PBXFileReference; lastKnownFileType = sourcecode.swift; path = SceneDelegate.swift; sourceTree = "<group>"; };
		439BB191278225E90085F120 /* ChatRoomViewController.swift */ = {isa = PBXFileReference; lastKnownFileType = sourcecode.swift; path = ChatRoomViewController.swift; sourceTree = "<group>"; };
		439BB196278225EA0085F120 /* Assets.xcassets */ = {isa = PBXFileReference; lastKnownFileType = folder.assetcatalog; path = Assets.xcassets; sourceTree = "<group>"; };
		439BB199278225EA0085F120 /* Base */ = {isa = PBXFileReference; lastKnownFileType = file.storyboard; name = Base; path = Base.lproj/LaunchScreen.storyboard; sourceTree = "<group>"; };
		439BB19B278225EA0085F120 /* Info.plist */ = {isa = PBXFileReference; lastKnownFileType = text.plist.xml; path = Info.plist; sourceTree = "<group>"; };
		439BB1A0278225EA0085F120 /* chatappTests.xctest */ = {isa = PBXFileReference; explicitFileType = wrapper.cfbundle; includeInIndex = 0; path = chatappTests.xctest; sourceTree = BUILT_PRODUCTS_DIR; };
		439BB1A4278225EA0085F120 /* chatappTests.swift */ = {isa = PBXFileReference; lastKnownFileType = sourcecode.swift; path = chatappTests.swift; sourceTree = "<group>"; };
		439BB1A6278225EA0085F120 /* Info.plist */ = {isa = PBXFileReference; lastKnownFileType = text.plist.xml; path = Info.plist; sourceTree = "<group>"; };
		439BB1AB278225EA0085F120 /* chatappUITests.xctest */ = {isa = PBXFileReference; explicitFileType = wrapper.cfbundle; includeInIndex = 0; path = chatappUITests.xctest; sourceTree = BUILT_PRODUCTS_DIR; };
		439BB1AF278225EA0085F120 /* chatappUITests.swift */ = {isa = PBXFileReference; lastKnownFileType = sourcecode.swift; path = chatappUITests.swift; sourceTree = "<group>"; };
		439BB1B1278225EA0085F120 /* Info.plist */ = {isa = PBXFileReference; lastKnownFileType = text.plist.xml; path = Info.plist; sourceTree = "<group>"; };
		43BACD61278244E300EE224D /* Base */ = {isa = PBXFileReference; lastKnownFileType = file.storyboard; name = Base; path = chatapp/Base.lproj/Main.storyboard; sourceTree = SOURCE_ROOT; };
		43FC9DF02782647900F4D6AD /* Api.swift */ = {isa = PBXFileReference; lastKnownFileType = sourcecode.swift; path = Api.swift; sourceTree = "<group>"; };
/* End PBXFileReference section */

/* Begin PBXFrameworksBuildPhase section */
		439BB187278225E90085F120 /* Frameworks */ = {
			isa = PBXFrameworksBuildPhase;
			buildActionMask = 2147483647;
			files = (
			);
			runOnlyForDeploymentPostprocessing = 0;
		};
		439BB19D278225EA0085F120 /* Frameworks */ = {
			isa = PBXFrameworksBuildPhase;
			buildActionMask = 2147483647;
			files = (
			);
			runOnlyForDeploymentPostprocessing = 0;
		};
		439BB1A8278225EA0085F120 /* Frameworks */ = {
			isa = PBXFrameworksBuildPhase;
			buildActionMask = 2147483647;
			files = (
			);
			runOnlyForDeploymentPostprocessing = 0;
		};
/* End PBXFrameworksBuildPhase section */

/* Begin PBXGroup section */
		438214532782907200815F00 /* Login */ = {
			isa = PBXGroup;
			children = (
				438214542782909700815F00 /* LoginViewController.swift */,
			);
			path = Login;
			sourceTree = "<group>";
		};
		439BB181278225E90085F120 = {
			isa = PBXGroup;
			children = (
				439BB18C278225E90085F120 /* chatapp */,
				439BB1A3278225EA0085F120 /* chatappTests */,
				439BB1AE278225EA0085F120 /* chatappUITests */,
				439BB18B278225E90085F120 /* Products */,
			);
			sourceTree = "<group>";
		};
		439BB18B278225E90085F120 /* Products */ = {
			isa = PBXGroup;
			children = (
				439BB18A278225E90085F120 /* chatapp.app */,
				439BB1A0278225EA0085F120 /* chatappTests.xctest */,
				439BB1AB278225EA0085F120 /* chatappUITests.xctest */,
			);
			name = Products;
			sourceTree = "<group>";
		};
		439BB18C278225E90085F120 /* chatapp */ = {
			isa = PBXGroup;
			children = (
				43FC9DEF2782646E00F4D6AD /* Api */,
				439BB1C3278226CA0085F120 /* App */,
				439BB1C2278226A20085F120 /* Chat Screen */,
				438214532782907200815F00 /* Login */,
				439BB196278225EA0085F120 /* Assets.xcassets */,
				439BB198278225EA0085F120 /* LaunchScreen.storyboard */,
				439BB19B278225EA0085F120 /* Info.plist */,
				4382145C2782A67700815F00 /* Localizable.strings */,
			);
			path = chatapp;
			sourceTree = "<group>";
		};
		439BB1A3278225EA0085F120 /* chatappTests */ = {
			isa = PBXGroup;
			children = (
				439BB1A4278225EA0085F120 /* chatappTests.swift */,
				439BB1A6278225EA0085F120 /* Info.plist */,
			);
			path = chatappTests;
			sourceTree = "<group>";
		};
		439BB1AE278225EA0085F120 /* chatappUITests */ = {
			isa = PBXGroup;
			children = (
				439BB1AF278225EA0085F120 /* chatappUITests.swift */,
				439BB1B1278225EA0085F120 /* Info.plist */,
			);
			path = chatappUITests;
			sourceTree = "<group>";
		};
		439BB1C2278226A20085F120 /* Chat Screen */ = {
			isa = PBXGroup;
			children = (
				439BB191278225E90085F120 /* ChatRoomViewController.swift */,
				43BACD60278244E300EE224D /* Main.storyboard */,
			);
			path = "Chat Screen";
			sourceTree = "<group>";
		};
		439BB1C3278226CA0085F120 /* App */ = {
			isa = PBXGroup;
			children = (
				439BB18D278225E90085F120 /* AppDelegate.swift */,
				439BB18F278225E90085F120 /* SceneDelegate.swift */,
				438214582782992900815F00 /* LocalStorage.swift */,
				4382145E2782A81300815F00 /* Notifications.swift */,
			);
			path = App;
			sourceTree = "<group>";
		};
		43FC9DEF2782646E00F4D6AD /* Api */ = {
			isa = PBXGroup;
			children = (
				43FC9DF52782678E00F4D6AD /* Models */,
				43FC9DF02782647900F4D6AD /* Api.swift */,
			);
			path = Api;
			sourceTree = "<group>";
		};
		43FC9DF52782678E00F4D6AD /* Models */ = {
			isa = PBXGroup;
			children = (
				4382145A2782A3ED00815F00 /* User.swift */,
			);
			path = Models;
			sourceTree = "<group>";
		};
/* End PBXGroup section */

/* Begin PBXNativeTarget section */
		439BB189278225E90085F120 /* chatapp */ = {
			isa = PBXNativeTarget;
			buildConfigurationList = 439BB1B4278225EA0085F120 /* Build configuration list for PBXNativeTarget "chatapp" */;
			buildPhases = (
				439BB186278225E90085F120 /* Sources */,
				439BB187278225E90085F120 /* Frameworks */,
				439BB188278225E90085F120 /* Resources */,
			);
			buildRules = (
			);
			dependencies = (
			);
			name = chatapp;
			productName = chatapp;
			productReference = 439BB18A278225E90085F120 /* chatapp.app */;
			productType = "com.apple.product-type.application";
		};
		439BB19F278225EA0085F120 /* chatappTests */ = {
			isa = PBXNativeTarget;
			buildConfigurationList = 439BB1B7278225EA0085F120 /* Build configuration list for PBXNativeTarget "chatappTests" */;
			buildPhases = (
				439BB19C278225EA0085F120 /* Sources */,
				439BB19D278225EA0085F120 /* Frameworks */,
				439BB19E278225EA0085F120 /* Resources */,
			);
			buildRules = (
			);
			dependencies = (
				439BB1A2278225EA0085F120 /* PBXTargetDependency */,
			);
			name = chatappTests;
			productName = chatappTests;
			productReference = 439BB1A0278225EA0085F120 /* chatappTests.xctest */;
			productType = "com.apple.product-type.bundle.unit-test";
		};
		439BB1AA278225EA0085F120 /* chatappUITests */ = {
			isa = PBXNativeTarget;
			buildConfigurationList = 439BB1BA278225EA0085F120 /* Build configuration list for PBXNativeTarget "chatappUITests" */;
			buildPhases = (
				439BB1A7278225EA0085F120 /* Sources */,
				439BB1A8278225EA0085F120 /* Frameworks */,
				439BB1A9278225EA0085F120 /* Resources */,
			);
			buildRules = (
			);
			dependencies = (
				439BB1AD278225EA0085F120 /* PBXTargetDependency */,
			);
			name = chatappUITests;
			productName = chatappUITests;
			productReference = 439BB1AB278225EA0085F120 /* chatappUITests.xctest */;
			productType = "com.apple.product-type.bundle.ui-testing";
		};
/* End PBXNativeTarget section */

/* Begin PBXProject section */
		439BB182278225E90085F120 /* Project object */ = {
			isa = PBXProject;
			attributes = {
				LastSwiftUpdateCheck = 1240;
				LastUpgradeCheck = 1240;
				TargetAttributes = {
					439BB189278225E90085F120 = {
						CreatedOnToolsVersion = 12.4;
					};
					439BB19F278225EA0085F120 = {
						CreatedOnToolsVersion = 12.4;
						TestTargetID = 439BB189278225E90085F120;
					};
					439BB1AA278225EA0085F120 = {
						CreatedOnToolsVersion = 12.4;
						TestTargetID = 439BB189278225E90085F120;
					};
				};
			};
			buildConfigurationList = 439BB185278225E90085F120 /* Build configuration list for PBXProject "chatapp" */;
			compatibilityVersion = "Xcode 9.3";
			developmentRegion = en;
			hasScannedForEncodings = 0;
			knownRegions = (
				en,
				Base,
			);
			mainGroup = 439BB181278225E90085F120;
			productRefGroup = 439BB18B278225E90085F120 /* Products */;
			projectDirPath = "";
			projectRoot = "";
			targets = (
				439BB189278225E90085F120 /* chatapp */,
				439BB19F278225EA0085F120 /* chatappTests */,
				439BB1AA278225EA0085F120 /* chatappUITests */,
			);
		};
/* End PBXProject section */

/* Begin PBXResourcesBuildPhase section */
		439BB188278225E90085F120 /* Resources */ = {
			isa = PBXResourcesBuildPhase;
			buildActionMask = 2147483647;
			files = (
				43BACD62278244E300EE224D /* Main.storyboard in Resources */,
				4382145D2782A67700815F00 /* Localizable.strings in Resources */,
				439BB19A278225EA0085F120 /* LaunchScreen.storyboard in Resources */,
				439BB197278225EA0085F120 /* Assets.xcassets in Resources */,
			);
			runOnlyForDeploymentPostprocessing = 0;
		};
		439BB19E278225EA0085F120 /* Resources */ = {
			isa = PBXResourcesBuildPhase;
			buildActionMask = 2147483647;
			files = (
			);
			runOnlyForDeploymentPostprocessing = 0;
		};
		439BB1A9278225EA0085F120 /* Resources */ = {
			isa = PBXResourcesBuildPhase;
			buildActionMask = 2147483647;
			files = (
			);
			runOnlyForDeploymentPostprocessing = 0;
		};
/* End PBXResourcesBuildPhase section */

/* Begin PBXSourcesBuildPhase section */
		439BB186278225E90085F120 /* Sources */ = {
			isa = PBXSourcesBuildPhase;
			buildActionMask = 2147483647;
			files = (
				4382145F2782A81300815F00 /* Notifications.swift in Sources */,
				439BB192278225E90085F120 /* ChatRoomViewController.swift in Sources */,
				439BB18E278225E90085F120 /* AppDelegate.swift in Sources */,
				43FC9DF12782647900F4D6AD /* Api.swift in Sources */,
				438214592782992900815F00 /* LocalStorage.swift in Sources */,
				438214552782909700815F00 /* LoginViewController.swift in Sources */,
				439BB190278225E90085F120 /* SceneDelegate.swift in Sources */,
				4382145B2782A3ED00815F00 /* User.swift in Sources */,
			);
			runOnlyForDeploymentPostprocessing = 0;
		};
		439BB19C278225EA0085F120 /* Sources */ = {
			isa = PBXSourcesBuildPhase;
			buildActionMask = 2147483647;
			files = (
				439BB1A5278225EA0085F120 /* chatappTests.swift in Sources */,
			);
			runOnlyForDeploymentPostprocessing = 0;
		};
		439BB1A7278225EA0085F120 /* Sources */ = {
			isa = PBXSourcesBuildPhase;
			buildActionMask = 2147483647;
			files = (
				439BB1B0278225EA0085F120 /* chatappUITests.swift in Sources */,
			);
			runOnlyForDeploymentPostprocessing = 0;
		};
/* End PBXSourcesBuildPhase section */

/* Begin PBXTargetDependency section */
		439BB1A2278225EA0085F120 /* PBXTargetDependency */ = {
			isa = PBXTargetDependency;
			target = 439BB189278225E90085F120 /* chatapp */;
			targetProxy = 439BB1A1278225EA0085F120 /* PBXContainerItemProxy */;
		};
		439BB1AD278225EA0085F120 /* PBXTargetDependency */ = {
			isa = PBXTargetDependency;
			target = 439BB189278225E90085F120 /* chatapp */;
			targetProxy = 439BB1AC278225EA0085F120 /* PBXContainerItemProxy */;
		};
/* End PBXTargetDependency section */

/* Begin PBXVariantGroup section */
		439BB198278225EA0085F120 /* LaunchScreen.storyboard */ = {
			isa = PBXVariantGroup;
			children = (
				439BB199278225EA0085F120 /* Base */,
			);
			name = LaunchScreen.storyboard;
			sourceTree = "<group>";
		};
		43BACD60278244E300EE224D /* Main.storyboard */ = {
			isa = PBXVariantGroup;
			children = (
				43BACD61278244E300EE224D /* Base */,
			);
			name = Main.storyboard;
			sourceTree = "<group>";
		};
/* End PBXVariantGroup section */

/* Begin XCBuildConfiguration section */
		439BB1B2278225EA0085F120 /* Debug */ = {
			isa = XCBuildConfiguration;
			buildSettings = {
				ALWAYS_SEARCH_USER_PATHS = NO;
				CLANG_ANALYZER_NONNULL = YES;
				CLANG_ANALYZER_NUMBER_OBJECT_CONVERSION = YES_AGGRESSIVE;
				CLANG_CXX_LANGUAGE_STANDARD = "gnu++14";
				CLANG_CXX_LIBRARY = "libc++";
				CLANG_ENABLE_MODULES = YES;
				CLANG_ENABLE_OBJC_ARC = YES;
				CLANG_ENABLE_OBJC_WEAK = YES;
				CLANG_WARN_BLOCK_CAPTURE_AUTORELEASING = YES;
				CLANG_WARN_BOOL_CONVERSION = YES;
				CLANG_WARN_COMMA = YES;
				CLANG_WARN_CONSTANT_CONVERSION = YES;
				CLANG_WARN_DEPRECATED_OBJC_IMPLEMENTATIONS = YES;
				CLANG_WARN_DIRECT_OBJC_ISA_USAGE = YES_ERROR;
				CLANG_WARN_DOCUMENTATION_COMMENTS = YES;
				CLANG_WARN_EMPTY_BODY = YES;
				CLANG_WARN_ENUM_CONVERSION = YES;
				CLANG_WARN_INFINITE_RECURSION = YES;
				CLANG_WARN_INT_CONVERSION = YES;
				CLANG_WARN_NON_LITERAL_NULL_CONVERSION = YES;
				CLANG_WARN_OBJC_IMPLICIT_RETAIN_SELF = YES;
				CLANG_WARN_OBJC_LITERAL_CONVERSION = YES;
				CLANG_WARN_OBJC_ROOT_CLASS = YES_ERROR;
				CLANG_WARN_QUOTED_INCLUDE_IN_FRAMEWORK_HEADER = YES;
				CLANG_WARN_RANGE_LOOP_ANALYSIS = YES;
				CLANG_WARN_STRICT_PROTOTYPES = YES;
				CLANG_WARN_SUSPICIOUS_MOVE = YES;
				CLANG_WARN_UNGUARDED_AVAILABILITY = YES_AGGRESSIVE;
				CLANG_WARN_UNREACHABLE_CODE = YES;
				CLANG_WARN__DUPLICATE_METHOD_MATCH = YES;
				COPY_PHASE_STRIP = NO;
				DEBUG_INFORMATION_FORMAT = dwarf;
				ENABLE_STRICT_OBJC_MSGSEND = YES;
				ENABLE_TESTABILITY = YES;
				GCC_C_LANGUAGE_STANDARD = gnu11;
				GCC_DYNAMIC_NO_PIC = NO;
				GCC_NO_COMMON_BLOCKS = YES;
				GCC_OPTIMIZATION_LEVEL = 0;
				GCC_PREPROCESSOR_DEFINITIONS = (
					"DEBUG=1",
					"$(inherited)",
				);
				GCC_WARN_64_TO_32_BIT_CONVERSION = YES;
				GCC_WARN_ABOUT_RETURN_TYPE = YES_ERROR;
				GCC_WARN_UNDECLARED_SELECTOR = YES;
				GCC_WARN_UNINITIALIZED_AUTOS = YES_AGGRESSIVE;
				GCC_WARN_UNUSED_FUNCTION = YES;
				GCC_WARN_UNUSED_VARIABLE = YES;
				IPHONEOS_DEPLOYMENT_TARGET = 14.4;
				MTL_ENABLE_DEBUG_INFO = INCLUDE_SOURCE;
				MTL_FAST_MATH = YES;
				ONLY_ACTIVE_ARCH = YES;
				SDKROOT = iphoneos;
				SWIFT_ACTIVE_COMPILATION_CONDITIONS = DEBUG;
				SWIFT_OPTIMIZATION_LEVEL = "-Onone";
				SWIFT_VERSION = 5.0;
			};
			name = Debug;
		};
		439BB1B3278225EA0085F120 /* Release */ = {
			isa = XCBuildConfiguration;
			buildSettings = {
				ALWAYS_SEARCH_USER_PATHS = NO;
				CLANG_ANALYZER_NONNULL = YES;
				CLANG_ANALYZER_NUMBER_OBJECT_CONVERSION = YES_AGGRESSIVE;
				CLANG_CXX_LANGUAGE_STANDARD = "gnu++14";
				CLANG_CXX_LIBRARY = "libc++";
				CLANG_ENABLE_MODULES = YES;
				CLANG_ENABLE_OBJC_ARC = YES;
				CLANG_ENABLE_OBJC_WEAK = YES;
				CLANG_WARN_BLOCK_CAPTURE_AUTORELEASING = YES;
				CLANG_WARN_BOOL_CONVERSION = YES;
				CLANG_WARN_COMMA = YES;
				CLANG_WARN_CONSTANT_CONVERSION = YES;
				CLANG_WARN_DEPRECATED_OBJC_IMPLEMENTATIONS = YES;
				CLANG_WARN_DIRECT_OBJC_ISA_USAGE = YES_ERROR;
				CLANG_WARN_DOCUMENTATION_COMMENTS = YES;
				CLANG_WARN_EMPTY_BODY = YES;
				CLANG_WARN_ENUM_CONVERSION = YES;
				CLANG_WARN_INFINITE_RECURSION = YES;
				CLANG_WARN_INT_CONVERSION = YES;
				CLANG_WARN_NON_LITERAL_NULL_CONVERSION = YES;
				CLANG_WARN_OBJC_IMPLICIT_RETAIN_SELF = YES;
				CLANG_WARN_OBJC_LITERAL_CONVERSION = YES;
				CLANG_WARN_OBJC_ROOT_CLASS = YES_ERROR;
				CLANG_WARN_QUOTED_INCLUDE_IN_FRAMEWORK_HEADER = YES;
				CLANG_WARN_RANGE_LOOP_ANALYSIS = YES;
				CLANG_WARN_STRICT_PROTOTYPES = YES;
				CLANG_WARN_SUSPICIOUS_MOVE = YES;
				CLANG_WARN_UNGUARDED_AVAILABILITY = YES_AGGRESSIVE;
				CLANG_WARN_UNREACHABLE_CODE = YES;
				CLANG_WARN__DUPLICATE_METHOD_MATCH = YES;
				COPY_PHASE_STRIP = NO;
				DEBUG_INFORMATION_FORMAT = "dwarf-with-dsym";
				ENABLE_NS_ASSERTIONS = NO;
				ENABLE_STRICT_OBJC_MSGSEND = YES;
				GCC_C_LANGUAGE_STANDARD = gnu11;
				GCC_NO_COMMON_BLOCKS = YES;
				GCC_WARN_64_TO_32_BIT_CONVERSION = YES;
				GCC_WARN_ABOUT_RETURN_TYPE = YES_ERROR;
				GCC_WARN_UNDECLARED_SELECTOR = YES;
				GCC_WARN_UNINITIALIZED_AUTOS = YES_AGGRESSIVE;
				GCC_WARN_UNUSED_FUNCTION = YES;
				GCC_WARN_UNUSED_VARIABLE = YES;
				IPHONEOS_DEPLOYMENT_TARGET = 14.4;
				MTL_ENABLE_DEBUG_INFO = NO;
				MTL_FAST_MATH = YES;
				SDKROOT = iphoneos;
				SWIFT_COMPILATION_MODE = wholemodule;
				SWIFT_OPTIMIZATION_LEVEL = "-O";
				SWIFT_VERSION = 5.0;
				VALIDATE_PRODUCT = YES;
			};
			name = Release;
		};
		439BB1B5278225EA0085F120 /* Debug */ = {
			isa = XCBuildConfiguration;
			buildSettings = {
				ASSETCATALOG_COMPILER_APPICON_NAME = AppIcon;
				ASSETCATALOG_COMPILER_GLOBAL_ACCENT_COLOR_NAME = AccentColor;
				CODE_SIGN_STYLE = Automatic;
				DEVELOPMENT_TEAM = 7P7TXGEBT4;
				INFOPLIST_FILE = chatapp/Info.plist;
				LD_RUNPATH_SEARCH_PATHS = (
					"$(inherited)",
					"@executable_path/Frameworks",
				);
				PRODUCT_BUNDLE_IDENTIFIER = com.dittmar.chatapp;
				PRODUCT_NAME = "$(TARGET_NAME)";
				SWIFT_VERSION = 5.0;
				TARGETED_DEVICE_FAMILY = "1,2";
			};
			name = Debug;
		};
		439BB1B6278225EA0085F120 /* Release */ = {
			isa = XCBuildConfiguration;
			buildSettings = {
				ASSETCATALOG_COMPILER_APPICON_NAME = AppIcon;
				ASSETCATALOG_COMPILER_GLOBAL_ACCENT_COLOR_NAME = AccentColor;
				CODE_SIGN_STYLE = Automatic;
				DEVELOPMENT_TEAM = 7P7TXGEBT4;
				INFOPLIST_FILE = chatapp/Info.plist;
				LD_RUNPATH_SEARCH_PATHS = (
					"$(inherited)",
					"@executable_path/Frameworks",
				);
				PRODUCT_BUNDLE_IDENTIFIER = com.dittmar.chatapp;
				PRODUCT_NAME = "$(TARGET_NAME)";
				SWIFT_VERSION = 5.0;
				TARGETED_DEVICE_FAMILY = "1,2";
			};
			name = Release;
		};
		439BB1B8278225EA0085F120 /* Debug */ = {
			isa = XCBuildConfiguration;
			buildSettings = {
				ALWAYS_EMBED_SWIFT_STANDARD_LIBRARIES = YES;
				BUNDLE_LOADER = "$(TEST_HOST)";
				CODE_SIGN_STYLE = Automatic;
				DEVELOPMENT_TEAM = 7P7TXGEBT4;
				INFOPLIST_FILE = chatappTests/Info.plist;
				IPHONEOS_DEPLOYMENT_TARGET = 14.4;
				LD_RUNPATH_SEARCH_PATHS = (
					"$(inherited)",
					"@executable_path/Frameworks",
					"@loader_path/Frameworks",
				);
				PRODUCT_BUNDLE_IDENTIFIER = com.dittmar.chatappTests;
				PRODUCT_NAME = "$(TARGET_NAME)";
				SWIFT_VERSION = 5.0;
				TARGETED_DEVICE_FAMILY = "1,2";
				TEST_HOST = "$(BUILT_PRODUCTS_DIR)/chatapp.app/chatapp";
			};
			name = Debug;
		};
		439BB1B9278225EA0085F120 /* Release */ = {
			isa = XCBuildConfiguration;
			buildSettings = {
				ALWAYS_EMBED_SWIFT_STANDARD_LIBRARIES = YES;
				BUNDLE_LOADER = "$(TEST_HOST)";
				CODE_SIGN_STYLE = Automatic;
				DEVELOPMENT_TEAM = 7P7TXGEBT4;
				INFOPLIST_FILE = chatappTests/Info.plist;
				IPHONEOS_DEPLOYMENT_TARGET = 14.4;
				LD_RUNPATH_SEARCH_PATHS = (
					"$(inherited)",
					"@executable_path/Frameworks",
					"@loader_path/Frameworks",
				);
				PRODUCT_BUNDLE_IDENTIFIER = com.dittmar.chatappTests;
				PRODUCT_NAME = "$(TARGET_NAME)";
				SWIFT_VERSION = 5.0;
				TARGETED_DEVICE_FAMILY = "1,2";
				TEST_HOST = "$(BUILT_PRODUCTS_DIR)/chatapp.app/chatapp";
			};
			name = Release;
		};
		439BB1BB278225EA0085F120 /* Debug */ = {
			isa = XCBuildConfiguration;
			buildSettings = {
				ALWAYS_EMBED_SWIFT_STANDARD_LIBRARIES = YES;
				CODE_SIGN_STYLE = Automatic;
				DEVELOPMENT_TEAM = 7P7TXGEBT4;
				INFOPLIST_FILE = chatappUITests/Info.plist;
				LD_RUNPATH_SEARCH_PATHS = (
					"$(inherited)",
					"@executable_path/Frameworks",
					"@loader_path/Frameworks",
				);
				PRODUCT_BUNDLE_IDENTIFIER = com.dittmar.chatappUITests;
				PRODUCT_NAME = "$(TARGET_NAME)";
				SWIFT_VERSION = 5.0;
				TARGETED_DEVICE_FAMILY = "1,2";
				TEST_TARGET_NAME = chatapp;
			};
			name = Debug;
		};
		439BB1BC278225EA0085F120 /* Release */ = {
			isa = XCBuildConfiguration;
			buildSettings = {
				ALWAYS_EMBED_SWIFT_STANDARD_LIBRARIES = YES;
				CODE_SIGN_STYLE = Automatic;
				DEVELOPMENT_TEAM = 7P7TXGEBT4;
				INFOPLIST_FILE = chatappUITests/Info.plist;
				LD_RUNPATH_SEARCH_PATHS = (
					"$(inherited)",
					"@executable_path/Frameworks",
					"@loader_path/Frameworks",
				);
				PRODUCT_BUNDLE_IDENTIFIER = com.dittmar.chatappUITests;
				PRODUCT_NAME = "$(TARGET_NAME)";
				SWIFT_VERSION = 5.0;
				TARGETED_DEVICE_FAMILY = "1,2";
				TEST_TARGET_NAME = chatapp;
			};
			name = Release;
		};
/* End XCBuildConfiguration section */

/* Begin XCConfigurationList section */
		439BB185278225E90085F120 /* Build configuration list for PBXProject "chatapp" */ = {
			isa = XCConfigurationList;
			buildConfigurations = (
				439BB1B2278225EA0085F120 /* Debug */,
				439BB1B3278225EA0085F120 /* Release */,
			);
			defaultConfigurationIsVisible = 0;
			defaultConfigurationName = Release;
		};
		439BB1B4278225EA0085F120 /* Build configuration list for PBXNativeTarget "chatapp" */ = {
			isa = XCConfigurationList;
			buildConfigurations = (
				439BB1B5278225EA0085F120 /* Debug */,
				439BB1B6278225EA0085F120 /* Release */,
			);
			defaultConfigurationIsVisible = 0;
			defaultConfigurationName = Release;
		};
		439BB1B7278225EA0085F120 /* Build configuration list for PBXNativeTarget "chatappTests" */ = {
			isa = XCConfigurationList;
			buildConfigurations = (
				439BB1B8278225EA0085F120 /* Debug */,
				439BB1B9278225EA0085F120 /* Release */,
			);
			defaultConfigurationIsVisible = 0;
			defaultConfigurationName = Release;
		};
		439BB1BA278225EA0085F120 /* Build configuration list for PBXNativeTarget "chatappUITests" */ = {
			isa = XCConfigurationList;
			buildConfigurations = (
				439BB1BB278225EA0085F120 /* Debug */,
				439BB1BC278225EA0085F120 /* Release */,
			);
			defaultConfigurationIsVisible = 0;
			defaultConfigurationName = Release;
		};
/* End XCConfigurationList section */
	};
	rootObject = 439BB182278225E90085F120 /* Project object */;
}
